
Microsoft Visual Studio Solution File, Format Version 12.00
# Visual Studio Version 16
VisualStudioVersion = 25.0.1706.13
MinimumVisualStudioVersion = 10.0.40219.1
Project("{FAE04EC0-301F-11D3-BF4B-00C04F79EFBC}") = "MyWeatherAppTests", "MyWeatherAppTests\MyWeatherAppTests.csproj", "{087A52AA-534C-4202-9A04-9BB5E6279CC6}"
EndProject
Project("{FAE04EC0-301F-11D3-BF4B-00C04F79EFBC}") = "MyWeatherApp", "MyWeatherApp\MyWeatherApp.csproj", "{DAE0DF13-7B07-43C2-8EA5-BB694BDCD5DA}"
EndProject
Global
	GlobalSection(SolutionConfigurationPlatforms) = preSolution
		Debug|Any CPU = Debug|Any CPU
		Release|Any CPU = Release|Any CPU
	EndGlobalSection
	GlobalSection(ProjectConfigurationPlatforms) = postSolution
		{087A52AA-534C-4202-9A04-9BB5E6279CC6}.Debug|Any CPU.ActiveCfg = Debug|Any CPU
		{087A52AA-534C-4202-9A04-9BB5E6279CC6}.Debug|Any CPU.Build.0 = Debug|Any CPU
		{087A52AA-534C-4202-9A04-9BB5E6279CC6}.Release|Any CPU.ActiveCfg = Release|Any CPU
		{087A52AA-534C-4202-9A04-9BB5E6279CC6}.Release|Any CPU.Build.0 = Release|Any CPU
		{DAE0DF13-7B07-43C2-8EA5-BB694BDCD5DA}.Debug|Any CPU.ActiveCfg = Debug|Any CPU
		{DAE0DF13-7B07-43C2-8EA5-BB694BDCD5DA}.Debug|Any CPU.Build.0 = Debug|Any CPU
		{DAE0DF13-7B07-43C2-8EA5-BB694BDCD5DA}.Release|Any CPU.ActiveCfg = Release|Any CPU
		{DAE0DF13-7B07-43C2-8EA5-BB694BDCD5DA}.Release|Any CPU.Build.0 = Release|Any CPU
	EndGlobalSection
	GlobalSection(SolutionProperties) = preSolution
		HideSolutionNode = FALSE
	EndGlobalSection
	GlobalSection(ExtensibilityGlobals) = postSolution
		SolutionGuid = {E59ECB6E-7E8B-4AFC-B2DE-38CF95D993D8}
	EndGlobalSection
EndGlobal
